
Microsoft Visual Studio Solution File, Format Version 12.00
# Visual Studio 2012
Project("{FAE04EC0-301F-11D3-BF4B-00C04F79EFBC}") = "GreenTown.UI", "GreenTown.UI\GreenTown.UI.csproj", "{8D92A5C1-8AFA-4FBD-A3A5-E3931396DCE5}"
EndProject
Project("{FAE04EC0-301F-11D3-BF4B-00C04F79EFBC}") = "GreenTown.UI.Tests", "GreenTown.UI.Tests\GreenTown.UI.Tests.csproj", "{6E88AC52-56C2-4895-B888-A8F657F509A1}"
EndProject
Project("{FAE04EC0-301F-11D3-BF4B-00C04F79EFBC}") = "GreenTown.Domain", "GreenTown.Domain\GreenTown.Domain.csproj", "{2EF9EFDE-4ED7-46AC-A503-DB79D21DB3FA}"
EndProject
Global
	GlobalSection(SolutionConfigurationPlatforms) = preSolution
		Debug|Any CPU = Debug|Any CPU
		Release|Any CPU = Release|Any CPU
	EndGlobalSection
	GlobalSection(ProjectConfigurationPlatforms) = postSolution
		{8D92A5C1-8AFA-4FBD-A3A5-E3931396DCE5}.Debug|Any CPU.ActiveCfg = Debug|Any CPU
		{8D92A5C1-8AFA-4FBD-A3A5-E3931396DCE5}.Debug|Any CPU.Build.0 = Debug|Any CPU
		{8D92A5C1-8AFA-4FBD-A3A5-E3931396DCE5}.Release|Any CPU.ActiveCfg = Release|Any CPU
		{8D92A5C1-8AFA-4FBD-A3A5-E3931396DCE5}.Release|Any CPU.Build.0 = Release|Any CPU
		{6E88AC52-56C2-4895-B888-A8F657F509A1}.Debug|Any CPU.ActiveCfg = Debug|Any CPU
		{6E88AC52-56C2-4895-B888-A8F657F509A1}.Debug|Any CPU.Build.0 = Debug|Any CPU
		{6E88AC52-56C2-4895-B888-A8F657F509A1}.Release|Any CPU.ActiveCfg = Release|Any CPU
		{6E88AC52-56C2-4895-B888-A8F657F509A1}.Release|Any CPU.Build.0 = Release|Any CPU
		{2EF9EFDE-4ED7-46AC-A503-DB79D21DB3FA}.Debug|Any CPU.ActiveCfg = Debug|Any CPU
		{2EF9EFDE-4ED7-46AC-A503-DB79D21DB3FA}.Debug|Any CPU.Build.0 = Debug|Any CPU
		{2EF9EFDE-4ED7-46AC-A503-DB79D21DB3FA}.Release|Any CPU.ActiveCfg = Release|Any CPU
		{2EF9EFDE-4ED7-46AC-A503-DB79D21DB3FA}.Release|Any CPU.Build.0 = Release|Any CPU
	EndGlobalSection
	GlobalSection(SolutionProperties) = preSolution
		HideSolutionNode = FALSE
	EndGlobalSection
EndGlobal
